
Microsoft Visual Studio Solution File, Format Version 12.00
# Visual Studio Version 16
VisualStudioVersion = 16.0.810.16
MinimumVisualStudioVersion = 10.0.40219.1
Project("{FAE04EC0-301F-11D3-BF4B-00C04F79EFBC}") = "dotNetConsumptionScriptExample", "dotNetConsumptionScriptExample\dotNetConsumptionScriptExample.csproj", "{FDE49DDC-33FB-4DC4-94DF-64CBC06A3557}"
EndProject
Global
	GlobalSection(SolutionConfigurationPlatforms) = preSolution
		Debug|Any CPU = Debug|Any CPU
		Release|Any CPU = Release|Any CPU
	EndGlobalSection
	GlobalSection(ProjectConfigurationPlatforms) = postSolution
		{FDE49DDC-33FB-4DC4-94DF-64CBC06A3557}.Debug|Any CPU.ActiveCfg = Debug|Any CPU
		{FDE49DDC-33FB-4DC4-94DF-64CBC06A3557}.Debug|Any CPU.Build.0 = Debug|Any CPU
		{FDE49DDC-33FB-4DC4-94DF-64CBC06A3557}.Release|Any CPU.ActiveCfg = Release|Any CPU
		{FDE49DDC-33FB-4DC4-94DF-64CBC06A3557}.Release|Any CPU.Build.0 = Release|Any CPU
	EndGlobalSection
	GlobalSection(SolutionProperties) = preSolution
		HideSolutionNode = FALSE
	EndGlobalSection
	GlobalSection(ExtensibilityGlobals) = postSolution
		SolutionGuid = {92527E13-9851-43C3-B9A8-456E7A8EC8BD}
	EndGlobalSection
EndGlobal
